
Microsoft Visual Studio Solution File, Format Version 12.00
Project("{FAE04EC0-301F-11D3-BF4B-00C04F79EFBC}") = "Syn.Lexer", "Syn.Lexer\Syn.Lexer.csproj", "{5DF07664-101D-4D1C-B3C5-3138E4085399}"
EndProject
Project("{FAE04EC0-301F-11D3-BF4B-00C04F79EFBC}") = "Syn.Playground", "Syn.Playground\Syn.Playground.csproj", "{9EC52DAE-F574-4D22-9B69-22E9F4F87623}"
EndProject
Project("{FAE04EC0-301F-11D3-BF4B-00C04F79EFBC}") = "Syn.TreeWalker", "Syn.TreeWalker\Syn.TreeWalker.csproj", "{D813A7A8-2982-4CC6-8F62-0BE17E78B69D}"
EndProject
Global
	GlobalSection(SolutionConfigurationPlatforms) = preSolution
		Debug|Any CPU = Debug|Any CPU
		Release|Any CPU = Release|Any CPU
	EndGlobalSection
	GlobalSection(ProjectConfigurationPlatforms) = postSolution
		{5DF07664-101D-4D1C-B3C5-3138E4085399}.Debug|Any CPU.ActiveCfg = Debug|Any CPU
		{5DF07664-101D-4D1C-B3C5-3138E4085399}.Debug|Any CPU.Build.0 = Debug|Any CPU
		{5DF07664-101D-4D1C-B3C5-3138E4085399}.Release|Any CPU.ActiveCfg = Release|Any CPU
		{5DF07664-101D-4D1C-B3C5-3138E4085399}.Release|Any CPU.Build.0 = Release|Any CPU
		{9EC52DAE-F574-4D22-9B69-22E9F4F87623}.Debug|Any CPU.ActiveCfg = Debug|Any CPU
		{9EC52DAE-F574-4D22-9B69-22E9F4F87623}.Debug|Any CPU.Build.0 = Debug|Any CPU
		{9EC52DAE-F574-4D22-9B69-22E9F4F87623}.Release|Any CPU.ActiveCfg = Release|Any CPU
		{9EC52DAE-F574-4D22-9B69-22E9F4F87623}.Release|Any CPU.Build.0 = Release|Any CPU
		{D813A7A8-2982-4CC6-8F62-0BE17E78B69D}.Debug|Any CPU.ActiveCfg = Debug|Any CPU
		{D813A7A8-2982-4CC6-8F62-0BE17E78B69D}.Debug|Any CPU.Build.0 = Debug|Any CPU
		{D813A7A8-2982-4CC6-8F62-0BE17E78B69D}.Release|Any CPU.ActiveCfg = Release|Any CPU
		{D813A7A8-2982-4CC6-8F62-0BE17E78B69D}.Release|Any CPU.Build.0 = Release|Any CPU
	EndGlobalSection
EndGlobal
